// !$*UTF8*$!
{
	archiveVersion = 1;
	classes = {
	};
	objectVersion = 46;
	objects = {

/* Begin PBXBuildFile section */
		B54A9A341EE2610100D365DB /* AppDelegate.swift in Sources */ = {isa = PBXBuildFile; fileRef = B54A9A331EE2610100D365DB /* AppDelegate.swift */; };
		B54A9A391EE2610100D365DB /* Main.storyboard in Resources */ = {isa = PBXBuildFile; fileRef = B54A9A371EE2610100D365DB /* Main.storyboard */; };
		B54A9A3B1EE2610100D365DB /* Assets.xcassets in Resources */ = {isa = PBXBuildFile; fileRef = B54A9A3A1EE2610100D365DB /* Assets.xcassets */; };
		B54A9A3E1EE2610100D365DB /* LaunchScreen.storyboard in Resources */ = {isa = PBXBuildFile; fileRef = B54A9A3C1EE2610100D365DB /* LaunchScreen.storyboard */; };
		B54A9A4A1EE2617200D365DB /* Queen of Heaven.ttf in Resources */ = {isa = PBXBuildFile; fileRef = B54A9A491EE2617200D365DB /* Queen of Heaven.ttf */; };
		B54A9A4C1EE2631700D365DB /* LoginVC.swift in Sources */ = {isa = PBXBuildFile; fileRef = B54A9A4B1EE2631700D365DB /* LoginVC.swift */; };
		B54A9A4E1EE265A500D365DB /* MovingBackground.swift in Sources */ = {isa = PBXBuildFile; fileRef = B54A9A4D1EE265A500D365DB /* MovingBackground.swift */; };
		B54A9A501EE26AEC00D365DB /* BlurredView.swift in Sources */ = {isa = PBXBuildFile; fileRef = B54A9A4F1EE26AEC00D365DB /* BlurredView.swift */; };
		B54A9A521EE26DB700D365DB /* LoginCustomView.swift in Sources */ = {isa = PBXBuildFile; fileRef = B54A9A511EE26DB700D365DB /* LoginCustomView.swift */; };
		B56BC3B31EE3425D00DF252C /* ForgotPasswordVC.swift in Sources */ = {isa = PBXBuildFile; fileRef = B56BC3B21EE3425D00DF252C /* ForgotPasswordVC.swift */; };
		B56BC3B51EE37BD800DF252C /* GoogleService-Info.plist in Resources */ = {isa = PBXBuildFile; fileRef = B56BC3B41EE37BD800DF252C /* GoogleService-Info.plist */; };
/* End PBXBuildFile section */

/* Begin PBXFileReference section */
		B54A9A301EE2610100D365DB /* Instaclone.app */ = {isa = PBXFileReference; explicitFileType = wrapper.application; includeInIndex = 0; path = Instaclone.app; sourceTree = BUILT_PRODUCTS_DIR; };
		B54A9A331EE2610100D365DB /* AppDelegate.swift */ = {isa = PBXFileReference; lastKnownFileType = sourcecode.swift; path = AppDelegate.swift; sourceTree = "<group>"; };
		B54A9A381EE2610100D365DB /* Base */ = {isa = PBXFileReference; lastKnownFileType = file.storyboard; name = Base; path = Base.lproj/Main.storyboard; sourceTree = "<group>"; };
		B54A9A3A1EE2610100D365DB /* Assets.xcassets */ = {isa = PBXFileReference; lastKnownFileType = folder.assetcatalog; path = Assets.xcassets; sourceTree = "<group>"; };
		B54A9A3D1EE2610100D365DB /* Base */ = {isa = PBXFileReference; lastKnownFileType = file.storyboard; name = Base; path = Base.lproj/LaunchScreen.storyboard; sourceTree = "<group>"; };
		B54A9A3F1EE2610100D365DB /* Info.plist */ = {isa = PBXFileReference; lastKnownFileType = text.plist.xml; path = Info.plist; sourceTree = "<group>"; };
		B54A9A491EE2617200D365DB /* Queen of Heaven.ttf */ = {isa = PBXFileReference; lastKnownFileType = file; path = "Queen of Heaven.ttf"; sourceTree = "<group>"; };
		B54A9A4B1EE2631700D365DB /* LoginVC.swift */ = {isa = PBXFileReference; fileEncoding = 4; lastKnownFileType = sourcecode.swift; path = LoginVC.swift; sourceTree = "<group>"; };
		B54A9A4D1EE265A500D365DB /* MovingBackground.swift */ = {isa = PBXFileReference; fileEncoding = 4; lastKnownFileType = sourcecode.swift; path = MovingBackground.swift; sourceTree = "<group>"; };
		B54A9A4F1EE26AEC00D365DB /* BlurredView.swift */ = {isa = PBXFileReference; fileEncoding = 4; lastKnownFileType = sourcecode.swift; path = BlurredView.swift; sourceTree = "<group>"; };
		B54A9A511EE26DB700D365DB /* LoginCustomView.swift */ = {isa = PBXFileReference; fileEncoding = 4; lastKnownFileType = sourcecode.swift; path = LoginCustomView.swift; sourceTree = "<group>"; };
		B56BC3B21EE3425D00DF252C /* ForgotPasswordVC.swift */ = {isa = PBXFileReference; fileEncoding = 4; lastKnownFileType = sourcecode.swift; path = ForgotPasswordVC.swift; sourceTree = "<group>"; };
		B56BC3B41EE37BD800DF252C /* GoogleService-Info.plist */ = {isa = PBXFileReference; fileEncoding = 4; lastKnownFileType = text.plist.xml; path = "GoogleService-Info.plist"; sourceTree = "<group>"; };
/* End PBXFileReference section */

/* Begin PBXFrameworksBuildPhase section */
		B54A9A2D1EE2610100D365DB /* Frameworks */ = {
			isa = PBXFrameworksBuildPhase;
			buildActionMask = 2147483647;
			files = (
			);
			runOnlyForDeploymentPostprocessing = 0;
		};
/* End PBXFrameworksBuildPhase section */

/* Begin PBXGroup section */
		B54A9A271EE2610000D365DB = {
			isa = PBXGroup;
			children = (
				B54A9A321EE2610100D365DB /* Instaclone */,
				B54A9A311EE2610100D365DB /* Products */,
			);
			sourceTree = "<group>";
		};
		B54A9A311EE2610100D365DB /* Products */ = {
			isa = PBXGroup;
			children = (
				B54A9A301EE2610100D365DB /* Instaclone.app */,
			);
			name = Products;
			sourceTree = "<group>";
		};
		B54A9A321EE2610100D365DB /* Instaclone */ = {
			isa = PBXGroup;
			children = (
				B56BC3B41EE37BD800DF252C /* GoogleService-Info.plist */,
				B54A9A481EE2615D00D365DB /* Resources */,
				B54A9A471EE2612600D365DB /* Model */,
				B54A9A461EE2611F00D365DB /* View */,
				B54A9A451EE2611400D365DB /* Controller */,
				B54A9A331EE2610100D365DB /* AppDelegate.swift */,
				B54A9A371EE2610100D365DB /* Main.storyboard */,
				B54A9A3A1EE2610100D365DB /* Assets.xcassets */,
				B54A9A3C1EE2610100D365DB /* LaunchScreen.storyboard */,
				B54A9A3F1EE2610100D365DB /* Info.plist */,
			);
			path = Instaclone;
			sourceTree = "<group>";
		};
		B54A9A451EE2611400D365DB /* Controller */ = {
			isa = PBXGroup;
			children = (
				B54A9A4B1EE2631700D365DB /* LoginVC.swift */,
				B56BC3B21EE3425D00DF252C /* ForgotPasswordVC.swift */,
			);
			name = Controller;
			sourceTree = "<group>";
		};
		B54A9A461EE2611F00D365DB /* View */ = {
			isa = PBXGroup;
			children = (
				B54A9A4D1EE265A500D365DB /* MovingBackground.swift */,
				B54A9A4F1EE26AEC00D365DB /* BlurredView.swift */,
				B54A9A511EE26DB700D365DB /* LoginCustomView.swift */,
			);
			name = View;
			sourceTree = "<group>";
		};
		B54A9A471EE2612600D365DB /* Model */ = {
			isa = PBXGroup;
			children = (
			);
			name = Model;
			sourceTree = "<group>";
		};
		B54A9A481EE2615D00D365DB /* Resources */ = {
			isa = PBXGroup;
			children = (
				B54A9A491EE2617200D365DB /* Queen of Heaven.ttf */,
			);
			name = Resources;
			sourceTree = "<group>";
		};
/* End PBXGroup section */

/* Begin PBXNativeTarget section */
		B54A9A2F1EE2610100D365DB /* Instaclone */ = {
			isa = PBXNativeTarget;
			buildConfigurationList = B54A9A421EE2610100D365DB /* Build configuration list for PBXNativeTarget "Instaclone" */;
			buildPhases = (
				B54A9A2C1EE2610100D365DB /* Sources */,
				B54A9A2D1EE2610100D365DB /* Frameworks */,
				B54A9A2E1EE2610100D365DB /* Resources */,
			);
			buildRules = (
			);
			dependencies = (
			);
			name = Instaclone;
			productName = Instaclone;
			productReference = B54A9A301EE2610100D365DB /* Instaclone.app */;
			productType = "com.apple.product-type.application";
		};
/* End PBXNativeTarget section */

/* Begin PBXProject section */
		B54A9A281EE2610100D365DB /* Project object */ = {
			isa = PBXProject;
			attributes = {
				LastSwiftUpdateCheck = 0820;
				LastUpgradeCheck = 0820;
				ORGANIZATIONNAME = Ben;
				TargetAttributes = {
					B54A9A2F1EE2610100D365DB = {
						CreatedOnToolsVersion = 8.2.1;
						ProvisioningStyle = Automatic;
					};
				};
			};
			buildConfigurationList = B54A9A2B1EE2610100D365DB /* Build configuration list for PBXProject "Instaclone" */;
			compatibilityVersion = "Xcode 3.2";
			developmentRegion = English;
			hasScannedForEncodings = 0;
			knownRegions = (
				en,
				Base,
			);
			mainGroup = B54A9A271EE2610000D365DB;
			productRefGroup = B54A9A311EE2610100D365DB /* Products */;
			projectDirPath = "";
			projectRoot = "";
			targets = (
				B54A9A2F1EE2610100D365DB /* Instaclone */,
			);
		};
/* End PBXProject section */

/* Begin PBXResourcesBuildPhase section */
		B54A9A2E1EE2610100D365DB /* Resources */ = {
			isa = PBXResourcesBuildPhase;
			buildActionMask = 2147483647;
			files = (
				B54A9A3E1EE2610100D365DB /* LaunchScreen.storyboard in Resources */,
				B54A9A4A1EE2617200D365DB /* Queen of Heaven.ttf in Resources */,
				B56BC3B51EE37BD800DF252C /* GoogleService-Info.plist in Resources */,
				B54A9A3B1EE2610100D365DB /* Assets.xcassets in Resources */,
				B54A9A391EE2610100D365DB /* Main.storyboard in Resources */,
			);
			runOnlyForDeploymentPostprocessing = 0;
		};
/* End PBXResourcesBuildPhase section */

/* Begin PBXSourcesBuildPhase section */
		B54A9A2C1EE2610100D365DB /* Sources */ = {
			isa = PBXSourcesBuildPhase;
			buildActionMask = 2147483647;
			files = (
				B54A9A4C1EE2631700D365DB /* LoginVC.swift in Sources */,
				B54A9A341EE2610100D365DB /* AppDelegate.swift in Sources */,
				B56BC3B31EE3425D00DF252C /* ForgotPasswordVC.swift in Sources */,
				B54A9A4E1EE265A500D365DB /* MovingBackground.swift in Sources */,
				B54A9A521EE26DB700D365DB /* LoginCustomView.swift in Sources */,
				B54A9A501EE26AEC00D365DB /* BlurredView.swift in Sources */,
			);
			runOnlyForDeploymentPostprocessing = 0;
		};
/* End PBXSourcesBuildPhase section */

/* Begin PBXVariantGroup section */
		B54A9A371EE2610100D365DB /* Main.storyboard */ = {
			isa = PBXVariantGroup;
			children = (
				B54A9A381EE2610100D365DB /* Base */,
			);
			name = Main.storyboard;
			sourceTree = "<group>";
		};
		B54A9A3C1EE2610100D365DB /* LaunchScreen.storyboard */ = {
			isa = PBXVariantGroup;
			children = (
				B54A9A3D1EE2610100D365DB /* Base */,
			);
			name = LaunchScreen.storyboard;
			sourceTree = "<group>";
		};
/* End PBXVariantGroup section */

/* Begin XCBuildConfiguration section */
		B54A9A401EE2610100D365DB /* Debug */ = {
			isa = XCBuildConfiguration;
			buildSettings = {
				ALWAYS_SEARCH_USER_PATHS = NO;
				CLANG_ANALYZER_NONNULL = YES;
				CLANG_CXX_LANGUAGE_STANDARD = "gnu++0x";
				CLANG_CXX_LIBRARY = "libc++";
				CLANG_ENABLE_MODULES = YES;
				CLANG_ENABLE_OBJC_ARC = YES;
				CLANG_WARN_BOOL_CONVERSION = YES;
				CLANG_WARN_CONSTANT_CONVERSION = YES;
				CLANG_WARN_DIRECT_OBJC_ISA_USAGE = YES_ERROR;
				CLANG_WARN_DOCUMENTATION_COMMENTS = YES;
				CLANG_WARN_EMPTY_BODY = YES;
				CLANG_WARN_ENUM_CONVERSION = YES;
				CLANG_WARN_INFINITE_RECURSION = YES;
				CLANG_WARN_INT_CONVERSION = YES;
				CLANG_WARN_OBJC_ROOT_CLASS = YES_ERROR;
				CLANG_WARN_SUSPICIOUS_MOVE = YES;
				CLANG_WARN_UNREACHABLE_CODE = YES;
				CLANG_WARN__DUPLICATE_METHOD_MATCH = YES;
				"CODE_SIGN_IDENTITY[sdk=iphoneos*]" = "iPhone Developer";
				COPY_PHASE_STRIP = NO;
				DEBUG_INFORMATION_FORMAT = dwarf;
				ENABLE_STRICT_OBJC_MSGSEND = YES;
				ENABLE_TESTABILITY = YES;
				GCC_C_LANGUAGE_STANDARD = gnu99;
				GCC_DYNAMIC_NO_PIC = NO;
				GCC_NO_COMMON_BLOCKS = YES;
				GCC_OPTIMIZATION_LEVEL = 0;
				GCC_PREPROCESSOR_DEFINITIONS = (
					"DEBUG=1",
					"$(inherited)",
				);
				GCC_WARN_64_TO_32_BIT_CONVERSION = YES;
				GCC_WARN_ABOUT_RETURN_TYPE = YES_ERROR;
				GCC_WARN_UNDECLARED_SELECTOR = YES;
				GCC_WARN_UNINITIALIZED_AUTOS = YES_AGGRESSIVE;
				GCC_WARN_UNUSED_FUNCTION = YES;
				GCC_WARN_UNUSED_VARIABLE = YES;
				IPHONEOS_DEPLOYMENT_TARGET = 10.2;
				MTL_ENABLE_DEBUG_INFO = YES;
				ONLY_ACTIVE_ARCH = YES;
				SDKROOT = iphoneos;
				SWIFT_ACTIVE_COMPILATION_CONDITIONS = DEBUG;
				SWIFT_OPTIMIZATION_LEVEL = "-Onone";
			};
			name = Debug;
		};
		B54A9A411EE2610100D365DB /* Release */ = {
			isa = XCBuildConfiguration;
			buildSettings = {
				ALWAYS_SEARCH_USER_PATHS = NO;
				CLANG_ANALYZER_NONNULL = YES;
				CLANG_CXX_LANGUAGE_STANDARD = "gnu++0x";
				CLANG_CXX_LIBRARY = "libc++";
				CLANG_ENABLE_MODULES = YES;
				CLANG_ENABLE_OBJC_ARC = YES;
				CLANG_WARN_BOOL_CONVERSION = YES;
				CLANG_WARN_CONSTANT_CONVERSION = YES;
				CLANG_WARN_DIRECT_OBJC_ISA_USAGE = YES_ERROR;
				CLANG_WARN_DOCUMENTATION_COMMENTS = YES;
				CLANG_WARN_EMPTY_BODY = YES;
				CLANG_WARN_ENUM_CONVERSION = YES;
				CLANG_WARN_INFINITE_RECURSION = YES;
				CLANG_WARN_INT_CONVERSION = YES;
				CLANG_WARN_OBJC_ROOT_CLASS = YES_ERROR;
				CLANG_WARN_SUSPICIOUS_MOVE = YES;
				CLANG_WARN_UNREACHABLE_CODE = YES;
				CLANG_WARN__DUPLICATE_METHOD_MATCH = YES;
				"CODE_SIGN_IDENTITY[sdk=iphoneos*]" = "iPhone Developer";
				COPY_PHASE_STRIP = NO;
				DEBUG_INFORMATION_FORMAT = "dwarf-with-dsym";
				ENABLE_NS_ASSERTIONS = NO;
				ENABLE_STRICT_OBJC_MSGSEND = YES;
				GCC_C_LANGUAGE_STANDARD = gnu99;
				GCC_NO_COMMON_BLOCKS = YES;
				GCC_WARN_64_TO_32_BIT_CONVERSION = YES;
				GCC_WARN_ABOUT_RETURN_TYPE = YES_ERROR;
				GCC_WARN_UNDECLARED_SELECTOR = YES;
				GCC_WARN_UNINITIALIZED_AUTOS = YES_AGGRESSIVE;
				GCC_WARN_UNUSED_FUNCTION = YES;
				GCC_WARN_UNUSED_VARIABLE = YES;
				IPHONEOS_DEPLOYMENT_TARGET = 10.2;
				MTL_ENABLE_DEBUG_INFO = NO;
				SDKROOT = iphoneos;
				SWIFT_OPTIMIZATION_LEVEL = "-Owholemodule";
				VALIDATE_PRODUCT = YES;
			};
			name = Release;
		};
		B54A9A431EE2610100D365DB /* Debug */ = {
			isa = XCBuildConfiguration;
			buildSettings = {
				ASSETCATALOG_COMPILER_APPICON_NAME = AppIcon;
				INFOPLIST_FILE = Instaclone/Info.plist;
				LD_RUNPATH_SEARCH_PATHS = "$(inherited) @executable_path/Frameworks";
				PRODUCT_BUNDLE_IDENTIFIER = com.ben.lee.Instaclone;
				PRODUCT_NAME = "$(TARGET_NAME)";
				SWIFT_VERSION = 3.0;
			};
			name = Debug;
		};
		B54A9A441EE2610100D365DB /* Release */ = {
			isa = XCBuildConfiguration;
			buildSettings = {
				ASSETCATALOG_COMPILER_APPICON_NAME = AppIcon;
				INFOPLIST_FILE = Instaclone/Info.plist;
				LD_RUNPATH_SEARCH_PATHS = "$(inherited) @executable_path/Frameworks";
				PRODUCT_BUNDLE_IDENTIFIER = com.ben.lee.Instaclone;
				PRODUCT_NAME = "$(TARGET_NAME)";
				SWIFT_VERSION = 3.0;
			};
			name = Release;
		};
/* End XCBuildConfiguration section */

/* Begin XCConfigurationList section */
		B54A9A2B1EE2610100D365DB /* Build configuration list for PBXProject "Instaclone" */ = {
			isa = XCConfigurationList;
			buildConfigurations = (
				B54A9A401EE2610100D365DB /* Debug */,
				B54A9A411EE2610100D365DB /* Release */,
			);
			defaultConfigurationIsVisible = 0;
			defaultConfigurationName = Release;
		};
		B54A9A421EE2610100D365DB /* Build configuration list for PBXNativeTarget "Instaclone" */ = {
			isa = XCConfigurationList;
			buildConfigurations = (
				B54A9A431EE2610100D365DB /* Debug */,
				B54A9A441EE2610100D365DB /* Release */,
			);
			defaultConfigurationIsVisible = 0;
			defaultConfigurationName = Release;
		};
/* End XCConfigurationList section */
	};
	rootObject = B54A9A281EE2610100D365DB /* Project object */;
}
